
Microsoft Visual Studio Solution File, Format Version 12.00
# Visual Studio Version 16
VisualStudioVersion = 16.0.31019.35
MinimumVisualStudioVersion = 10.0.40219.1
Project("{8BC9CEB8-8B4A-11D0-8D11-00A0C91BC942}") = "TermMiniGamesLibraryV1", "TermMiniGamesLibraryV1\TermMiniGamesLibraryV1.vcxproj", "{ED9BE003-C81F-481A-B42B-EC9BFC247E16}"
EndProject
Project("{8BC9CEB8-8B4A-11D0-8D11-00A0C91BC942}") = "TermMiniGamesLibraryV1-Tests", "TermMiniGamesLibraryV1-Tests\TermMiniGamesLibraryV1-Tests.vcxproj", "{CD3EEAA2-61F0-45C0-B2DA-A56E0BE77A09}"
EndProject
Global
	GlobalSection(SolutionConfigurationPlatforms) = preSolution
		Debug|x64 = Debug|x64
		Debug|x86 = Debug|x86
		Release|x64 = Release|x64
		Release|x86 = Release|x86
	EndGlobalSection
	GlobalSection(ProjectConfigurationPlatforms) = postSolution
		{ED9BE003-C81F-481A-B42B-EC9BFC247E16}.Debug|x64.ActiveCfg = Debug|x64
		{ED9BE003-C81F-481A-B42B-EC9BFC247E16}.Debug|x64.Build.0 = Debug|x64
		{ED9BE003-C81F-481A-B42B-EC9BFC247E16}.Debug|x86.ActiveCfg = Debug|Win32
		{ED9BE003-C81F-481A-B42B-EC9BFC247E16}.Debug|x86.Build.0 = Debug|Win32
		{ED9BE003-C81F-481A-B42B-EC9BFC247E16}.Release|x64.ActiveCfg = Release|x64
		{ED9BE003-C81F-481A-B42B-EC9BFC247E16}.Release|x64.Build.0 = Release|x64
		{ED9BE003-C81F-481A-B42B-EC9BFC247E16}.Release|x86.ActiveCfg = Release|Win32
		{ED9BE003-C81F-481A-B42B-EC9BFC247E16}.Release|x86.Build.0 = Release|Win32
		{CD3EEAA2-61F0-45C0-B2DA-A56E0BE77A09}.Debug|x64.ActiveCfg = Debug|x64
		{CD3EEAA2-61F0-45C0-B2DA-A56E0BE77A09}.Debug|x64.Build.0 = Debug|x64
		{CD3EEAA2-61F0-45C0-B2DA-A56E0BE77A09}.Debug|x86.ActiveCfg = Debug|Win32
		{CD3EEAA2-61F0-45C0-B2DA-A56E0BE77A09}.Debug|x86.Build.0 = Debug|Win32
		{CD3EEAA2-61F0-45C0-B2DA-A56E0BE77A09}.Release|x64.ActiveCfg = Release|x64
		{CD3EEAA2-61F0-45C0-B2DA-A56E0BE77A09}.Release|x64.Build.0 = Release|x64
		{CD3EEAA2-61F0-45C0-B2DA-A56E0BE77A09}.Release|x86.ActiveCfg = Release|Win32
		{CD3EEAA2-61F0-45C0-B2DA-A56E0BE77A09}.Release|x86.Build.0 = Release|Win32
	EndGlobalSection
	GlobalSection(SolutionProperties) = preSolution
		HideSolutionNode = FALSE
	EndGlobalSection
	GlobalSection(ExtensibilityGlobals) = postSolution
		SolutionGuid = {09C20D94-DC14-4A37-9EF2-1FE1141463F0}
	EndGlobalSection
EndGlobal
